
Microsoft Visual Studio Solution File, Format Version 12.00
# Visual Studio Version 17
VisualStudioVersion = 17.8.34330.188
MinimumVisualStudioVersion = 10.0.40219.1
Project("{FAE04EC0-301F-11D3-BF4B-00C04F79EFBC}") = "WpfApp5", "WpfApp5\WpfApp5.csproj", "{793D184E-6A2A-4582-9970-13B11EE23E39}"
EndProject
Global
	GlobalSection(SolutionConfigurationPlatforms) = preSolution
		Debug|Any CPU = Debug|Any CPU
		Release|Any CPU = Release|Any CPU
	EndGlobalSection
	GlobalSection(ProjectConfigurationPlatforms) = postSolution
		{793D184E-6A2A-4582-9970-13B11EE23E39}.Debug|Any CPU.ActiveCfg = Debug|Any CPU
		{793D184E-6A2A-4582-9970-13B11EE23E39}.Debug|Any CPU.Build.0 = Debug|Any CPU
		{793D184E-6A2A-4582-9970-13B11EE23E39}.Release|Any CPU.ActiveCfg = Release|Any CPU
		{793D184E-6A2A-4582-9970-13B11EE23E39}.Release|Any CPU.Build.0 = Release|Any CPU
	EndGlobalSection
	GlobalSection(SolutionProperties) = preSolution
		HideSolutionNode = FALSE
	EndGlobalSection
	GlobalSection(ExtensibilityGlobals) = postSolution
		SolutionGuid = {9AC49B18-8368-4941-AC3C-4818B86E0D15}
	EndGlobalSection
EndGlobal
